
Microsoft Visual Studio Solution File, Format Version 12.00
Project("{FAE04EC0-301F-11D3-BF4B-00C04F79EFBC}") = "apbd_proj03", "apbd_proj03\apbd_proj03.csproj", "{5217B93F-8A29-4673-A89C-12899C6F565D}"
EndProject
Global
	GlobalSection(SolutionConfigurationPlatforms) = preSolution
		Debug|Any CPU = Debug|Any CPU
		Release|Any CPU = Release|Any CPU
	EndGlobalSection
	GlobalSection(ProjectConfigurationPlatforms) = postSolution
		{5217B93F-8A29-4673-A89C-12899C6F565D}.Debug|Any CPU.ActiveCfg = Debug|Any CPU
		{5217B93F-8A29-4673-A89C-12899C6F565D}.Debug|Any CPU.Build.0 = Debug|Any CPU
		{5217B93F-8A29-4673-A89C-12899C6F565D}.Release|Any CPU.ActiveCfg = Release|Any CPU
		{5217B93F-8A29-4673-A89C-12899C6F565D}.Release|Any CPU.Build.0 = Release|Any CPU
	EndGlobalSection
EndGlobal
